{
  "requires": true,
  "lockfileVersion": 1,
  "dependencies": {
    "@dcloudio/uni-helper-json": {
      "version": "1.0.11",
      "resolved": "https://registry.npm.taobao.org/@dcloudio/uni-helper-json/download/@dcloudio/uni-helper-json-1.0.11.tgz",
      "integrity": "sha1-bUqGPzeykCKk5xuTHCbUe0yjAEc="
    }
  }
}
